
Microsoft Visual Studio Solution File, Format Version 12.00
# Visual Studio Version 17
VisualStudioVersion = 17.8.34330.188
MinimumVisualStudioVersion = 10.0.40219.1
Project("{FAE04EC0-301F-11D3-BF4B-00C04F79EFBC}") = "Day15", "Day15.csproj", "{2E310811-B434-4B55-8E29-B665F3CB4DD8}"
EndProject
Global
	GlobalSection(SolutionConfigurationPlatforms) = preSolution
		Debug|Any CPU = Debug|Any CPU
		Release|Any CPU = Release|Any CPU
	EndGlobalSection
	GlobalSection(ProjectConfigurationPlatforms) = postSolution
		{2E310811-B434-4B55-8E29-B665F3CB4DD8}.Debug|Any CPU.ActiveCfg = Debug|Any CPU
		{2E310811-B434-4B55-8E29-B665F3CB4DD8}.Debug|Any CPU.Build.0 = Debug|Any CPU
		{2E310811-B434-4B55-8E29-B665F3CB4DD8}.Release|Any CPU.ActiveCfg = Release|Any CPU
		{2E310811-B434-4B55-8E29-B665F3CB4DD8}.Release|Any CPU.Build.0 = Release|Any CPU
	EndGlobalSection
	GlobalSection(SolutionProperties) = preSolution
		HideSolutionNode = FALSE
	EndGlobalSection
	GlobalSection(ExtensibilityGlobals) = postSolution
		SolutionGuid = {1FEA5D78-DE2D-4AE5-BDCB-D630B2B70859}
	EndGlobalSection
EndGlobal
