
Microsoft Visual Studio Solution File, Format Version 12.00
# Visual Studio Version 17
VisualStudioVersion = 17.5.33516.290
MinimumVisualStudioVersion = 10.0.40219.1
Project("{FAE04EC0-301F-11D3-BF4B-00C04F79EFBC}") = "Day12", "Day12.csproj", "{7DDF4BEC-CE50-4302-881D-0F191D4573A0}"
EndProject
Global
	GlobalSection(SolutionConfigurationPlatforms) = preSolution
		Debug|Any CPU = Debug|Any CPU
		Release|Any CPU = Release|Any CPU
	EndGlobalSection
	GlobalSection(ProjectConfigurationPlatforms) = postSolution
		{7DDF4BEC-CE50-4302-881D-0F191D4573A0}.Debug|Any CPU.ActiveCfg = Debug|Any CPU
		{7DDF4BEC-CE50-4302-881D-0F191D4573A0}.Debug|Any CPU.Build.0 = Debug|Any CPU
		{7DDF4BEC-CE50-4302-881D-0F191D4573A0}.Release|Any CPU.ActiveCfg = Release|Any CPU
		{7DDF4BEC-CE50-4302-881D-0F191D4573A0}.Release|Any CPU.Build.0 = Release|Any CPU
	EndGlobalSection
	GlobalSection(SolutionProperties) = preSolution
		HideSolutionNode = FALSE
	EndGlobalSection
	GlobalSection(ExtensibilityGlobals) = postSolution
		SolutionGuid = {D79AC6B1-5CDA-4337-8E1C-980FB59CCEFF}
	EndGlobalSection
EndGlobal
